
Microsoft Visual Studio Solution File, Format Version 12.00
# Visual Studio Version 17
VisualStudioVersion = 17.14.36221.1 d17.14
MinimumVisualStudioVersion = 10.0.40219.1
Project("{FAE04EC0-301F-11D3-BF4B-00C04F79EFBC}") = "MONTH CALANDAR .NET", "MONTH CALANDAR .NET.csproj", "{D388BD64-7E39-45A7-9767-7F2657F60158}"
EndProject
Global
	GlobalSection(SolutionConfigurationPlatforms) = preSolution
		Debug|Any CPU = Debug|Any CPU
		Release|Any CPU = Release|Any CPU
	EndGlobalSection
	GlobalSection(ProjectConfigurationPlatforms) = postSolution
		{D388BD64-7E39-45A7-9767-7F2657F60158}.Debug|Any CPU.ActiveCfg = Debug|Any CPU
		{D388BD64-7E39-45A7-9767-7F2657F60158}.Debug|Any CPU.Build.0 = Debug|Any CPU
		{D388BD64-7E39-45A7-9767-7F2657F60158}.Release|Any CPU.ActiveCfg = Release|Any CPU
		{D388BD64-7E39-45A7-9767-7F2657F60158}.Release|Any CPU.Build.0 = Release|Any CPU
	EndGlobalSection
	GlobalSection(SolutionProperties) = preSolution
		HideSolutionNode = FALSE
	EndGlobalSection
	GlobalSection(ExtensibilityGlobals) = postSolution
		SolutionGuid = {1F94A55D-D31E-485C-840D-96F3D47B6ECD}
	EndGlobalSection
EndGlobal
