
Microsoft Visual Studio Solution File, Format Version 12.00
# Visual Studio Version 16
VisualStudioVersion = 16.0.36107.64
MinimumVisualStudioVersion = 10.0.40219.1
Project("{FAE04EC0-301F-11D3-BF4B-00C04F79EFBC}") = "TABSCONTROL", "TABSCONTROL.csproj", "{CC627A11-D03B-46E5-8C3A-E483C195A3DD}"
EndProject
Global
	GlobalSection(SolutionConfigurationPlatforms) = preSolution
		Debug|Any CPU = Debug|Any CPU
		Release|Any CPU = Release|Any CPU
	EndGlobalSection
	GlobalSection(ProjectConfigurationPlatforms) = postSolution
		{CC627A11-D03B-46E5-8C3A-E483C195A3DD}.Debug|Any CPU.ActiveCfg = Debug|Any CPU
		{CC627A11-D03B-46E5-8C3A-E483C195A3DD}.Debug|Any CPU.Build.0 = Debug|Any CPU
		{CC627A11-D03B-46E5-8C3A-E483C195A3DD}.Release|Any CPU.ActiveCfg = Release|Any CPU
		{CC627A11-D03B-46E5-8C3A-E483C195A3DD}.Release|Any CPU.Build.0 = Release|Any CPU
	EndGlobalSection
	GlobalSection(SolutionProperties) = preSolution
		HideSolutionNode = FALSE
	EndGlobalSection
	GlobalSection(ExtensibilityGlobals) = postSolution
		SolutionGuid = {7337069D-CF16-4C9C-BD83-58AF449BD6B0}
	EndGlobalSection
EndGlobal
