
Microsoft Visual Studio Solution File, Format Version 12.00
# Visual Studio Version 16
VisualStudioVersion = 16.0.36107.64
MinimumVisualStudioVersion = 10.0.40219.1
Project("{FAE04EC0-301F-11D3-BF4B-00C04F79EFBC}") = "ERROR PROVIDER", "ERROR PROVIDER.csproj", "{9AFEE5EF-9CCF-4E27-8C40-A30C7ECEFACA}"
EndProject
Global
	GlobalSection(SolutionConfigurationPlatforms) = preSolution
		Debug|Any CPU = Debug|Any CPU
		Release|Any CPU = Release|Any CPU
	EndGlobalSection
	GlobalSection(ProjectConfigurationPlatforms) = postSolution
		{9AFEE5EF-9CCF-4E27-8C40-A30C7ECEFACA}.Debug|Any CPU.ActiveCfg = Debug|Any CPU
		{9AFEE5EF-9CCF-4E27-8C40-A30C7ECEFACA}.Debug|Any CPU.Build.0 = Debug|Any CPU
		{9AFEE5EF-9CCF-4E27-8C40-A30C7ECEFACA}.Release|Any CPU.ActiveCfg = Release|Any CPU
		{9AFEE5EF-9CCF-4E27-8C40-A30C7ECEFACA}.Release|Any CPU.Build.0 = Release|Any CPU
	EndGlobalSection
	GlobalSection(SolutionProperties) = preSolution
		HideSolutionNode = FALSE
	EndGlobalSection
	GlobalSection(ExtensibilityGlobals) = postSolution
		SolutionGuid = {779C51C0-B5A4-48ED-B7DD-5F3ED3519B7D}
	EndGlobalSection
EndGlobal
