
Microsoft Visual Studio Solution File, Format Version 12.00
# Visual Studio Version 16
VisualStudioVersion = 16.0.36107.64
MinimumVisualStudioVersion = 10.0.40219.1
Project("{FAE04EC0-301F-11D3-BF4B-00C04F79EFBC}") = "COMBO BOX (DROP DOWN LIST)", "COMBO BOX (DROP DOWN LIST).csproj", "{CC8818A6-33E9-4308-9CF2-751235F2ABCD}"
EndProject
Global
	GlobalSection(SolutionConfigurationPlatforms) = preSolution
		Debug|Any CPU = Debug|Any CPU
		Release|Any CPU = Release|Any CPU
	EndGlobalSection
	GlobalSection(ProjectConfigurationPlatforms) = postSolution
		{CC8818A6-33E9-4308-9CF2-751235F2ABCD}.Debug|Any CPU.ActiveCfg = Debug|Any CPU
		{CC8818A6-33E9-4308-9CF2-751235F2ABCD}.Debug|Any CPU.Build.0 = Debug|Any CPU
		{CC8818A6-33E9-4308-9CF2-751235F2ABCD}.Release|Any CPU.ActiveCfg = Release|Any CPU
		{CC8818A6-33E9-4308-9CF2-751235F2ABCD}.Release|Any CPU.Build.0 = Release|Any CPU
	EndGlobalSection
	GlobalSection(SolutionProperties) = preSolution
		HideSolutionNode = FALSE
	EndGlobalSection
	GlobalSection(ExtensibilityGlobals) = postSolution
		SolutionGuid = {2C96F3F9-8856-4E55-87DA-13F61866B356}
	EndGlobalSection
EndGlobal
