
Microsoft Visual Studio Solution File, Format Version 12.00
# Visual Studio Version 17
VisualStudioVersion = 17.14.36221.1 d17.14
MinimumVisualStudioVersion = 10.0.40219.1
Project("{FAE04EC0-301F-11D3-BF4B-00C04F79EFBC}") = "DATE TIME PICKER", "DATE TIME PICKER.csproj", "{A3EE1E97-A7DA-4BCC-B80F-0D3E852C4AED}"
EndProject
Global
	GlobalSection(SolutionConfigurationPlatforms) = preSolution
		Debug|Any CPU = Debug|Any CPU
		Release|Any CPU = Release|Any CPU
	EndGlobalSection
	GlobalSection(ProjectConfigurationPlatforms) = postSolution
		{A3EE1E97-A7DA-4BCC-B80F-0D3E852C4AED}.Debug|Any CPU.ActiveCfg = Debug|Any CPU
		{A3EE1E97-A7DA-4BCC-B80F-0D3E852C4AED}.Debug|Any CPU.Build.0 = Debug|Any CPU
		{A3EE1E97-A7DA-4BCC-B80F-0D3E852C4AED}.Release|Any CPU.ActiveCfg = Release|Any CPU
		{A3EE1E97-A7DA-4BCC-B80F-0D3E852C4AED}.Release|Any CPU.Build.0 = Release|Any CPU
	EndGlobalSection
	GlobalSection(SolutionProperties) = preSolution
		HideSolutionNode = FALSE
	EndGlobalSection
	GlobalSection(ExtensibilityGlobals) = postSolution
		SolutionGuid = {DB42D8E2-6C6F-4618-8E02-7B84307A04C7}
	EndGlobalSection
EndGlobal
