
Microsoft Visual Studio Solution File, Format Version 12.00
# Visual Studio Version 17
VisualStudioVersion = 17.14.36221.1 d17.14
MinimumVisualStudioVersion = 10.0.40219.1
Project("{FAE04EC0-301F-11D3-BF4B-00C04F79EFBC}") = "SAVE FILE DIALOG", "SAVE FILE DIALOG.csproj", "{96FFCA52-682F-4092-9430-5F9A1D914BD2}"
EndProject
Global
	GlobalSection(SolutionConfigurationPlatforms) = preSolution
		Debug|Any CPU = Debug|Any CPU
		Release|Any CPU = Release|Any CPU
	EndGlobalSection
	GlobalSection(ProjectConfigurationPlatforms) = postSolution
		{96FFCA52-682F-4092-9430-5F9A1D914BD2}.Debug|Any CPU.ActiveCfg = Debug|Any CPU
		{96FFCA52-682F-4092-9430-5F9A1D914BD2}.Debug|Any CPU.Build.0 = Debug|Any CPU
		{96FFCA52-682F-4092-9430-5F9A1D914BD2}.Release|Any CPU.ActiveCfg = Release|Any CPU
		{96FFCA52-682F-4092-9430-5F9A1D914BD2}.Release|Any CPU.Build.0 = Release|Any CPU
	EndGlobalSection
	GlobalSection(SolutionProperties) = preSolution
		HideSolutionNode = FALSE
	EndGlobalSection
	GlobalSection(ExtensibilityGlobals) = postSolution
		SolutionGuid = {8D6A3167-65DC-436F-9B4F-40FF9E207122}
	EndGlobalSection
EndGlobal
