
Microsoft Visual Studio Solution File, Format Version 12.00
# Visual Studio Version 16
VisualStudioVersion = 16.0.36107.64
MinimumVisualStudioVersion = 10.0.40219.1
Project("{FAE04EC0-301F-11D3-BF4B-00C04F79EFBC}") = "CHECKED LIST BOX", "CHECKED LIST BOX.csproj", "{E45E942A-B8CA-42A3-8CEC-BE55D6412B30}"
EndProject
Global
	GlobalSection(SolutionConfigurationPlatforms) = preSolution
		Debug|Any CPU = Debug|Any CPU
		Release|Any CPU = Release|Any CPU
	EndGlobalSection
	GlobalSection(ProjectConfigurationPlatforms) = postSolution
		{E45E942A-B8CA-42A3-8CEC-BE55D6412B30}.Debug|Any CPU.ActiveCfg = Debug|Any CPU
		{E45E942A-B8CA-42A3-8CEC-BE55D6412B30}.Debug|Any CPU.Build.0 = Debug|Any CPU
		{E45E942A-B8CA-42A3-8CEC-BE55D6412B30}.Release|Any CPU.ActiveCfg = Release|Any CPU
		{E45E942A-B8CA-42A3-8CEC-BE55D6412B30}.Release|Any CPU.Build.0 = Release|Any CPU
	EndGlobalSection
	GlobalSection(SolutionProperties) = preSolution
		HideSolutionNode = FALSE
	EndGlobalSection
	GlobalSection(ExtensibilityGlobals) = postSolution
		SolutionGuid = {ECC3E86D-633E-407F-8DFA-E6BF49DD1375}
	EndGlobalSection
EndGlobal
